
Microsoft Visual Studio Solution File, Format Version 11.00
# Visual Studio 2010
Project("{FAE04EC0-301F-11D3-BF4B-00C04F79EFBC}") = "CSAS", "CSAS\CSAS.csproj", "{AF8832C7-93FA-472F-94D0-0EF4CEAC9FD9}"
EndProject
Project("{FAE04EC0-301F-11D3-BF4B-00C04F79EFBC}") = "CSAS_Nuvem", "CSAS_Nuvem\CSAS_Nuvem.csproj", "{E36AD68F-307F-41CA-B30C-0BFD2E003B85}"
EndProject
Project("{FAE04EC0-301F-11D3-BF4B-00C04F79EFBC}") = "SDE", "SDE\SDE.csproj", "{C6B44635-88A4-4135-849D-8BDC663CF054}"
EndProject
Project("{FAE04EC0-301F-11D3-BF4B-00C04F79EFBC}") = "SDE.Desktop", "SDE.Desktop\SDE.Desktop.csproj", "{48BD9E41-F4C2-4346-8F65-8C2B9972EDBC}"
EndProject
Project("{FAE04EC0-301F-11D3-BF4B-00C04F79EFBC}") = "Boleto.Net", "Boleto.Net\Boleto.Net.csproj", "{F173E80B-E36B-48AD-B483-A27F8CA86F3C}"
EndProject
Global
	GlobalSection(SolutionConfigurationPlatforms) = preSolution
		Debug|Any CPU = Debug|Any CPU
		Release|Any CPU = Release|Any CPU
	EndGlobalSection
	GlobalSection(ProjectConfigurationPlatforms) = postSolution
		{AF8832C7-93FA-472F-94D0-0EF4CEAC9FD9}.Debug|Any CPU.ActiveCfg = Debug|Any CPU
		{AF8832C7-93FA-472F-94D0-0EF4CEAC9FD9}.Debug|Any CPU.Build.0 = Debug|Any CPU
		{AF8832C7-93FA-472F-94D0-0EF4CEAC9FD9}.Release|Any CPU.ActiveCfg = Release|Any CPU
		{AF8832C7-93FA-472F-94D0-0EF4CEAC9FD9}.Release|Any CPU.Build.0 = Release|Any CPU
		{E36AD68F-307F-41CA-B30C-0BFD2E003B85}.Debug|Any CPU.ActiveCfg = Debug|Any CPU
		{E36AD68F-307F-41CA-B30C-0BFD2E003B85}.Debug|Any CPU.Build.0 = Debug|Any CPU
		{E36AD68F-307F-41CA-B30C-0BFD2E003B85}.Release|Any CPU.ActiveCfg = Release|Any CPU
		{E36AD68F-307F-41CA-B30C-0BFD2E003B85}.Release|Any CPU.Build.0 = Release|Any CPU
		{C6B44635-88A4-4135-849D-8BDC663CF054}.Debug|Any CPU.ActiveCfg = Debug|Any CPU
		{C6B44635-88A4-4135-849D-8BDC663CF054}.Debug|Any CPU.Build.0 = Debug|Any CPU
		{C6B44635-88A4-4135-849D-8BDC663CF054}.Release|Any CPU.ActiveCfg = Release|Any CPU
		{C6B44635-88A4-4135-849D-8BDC663CF054}.Release|Any CPU.Build.0 = Release|Any CPU
		{48BD9E41-F4C2-4346-8F65-8C2B9972EDBC}.Debug|Any CPU.ActiveCfg = Debug|Any CPU
		{48BD9E41-F4C2-4346-8F65-8C2B9972EDBC}.Debug|Any CPU.Build.0 = Debug|Any CPU
		{48BD9E41-F4C2-4346-8F65-8C2B9972EDBC}.Release|Any CPU.ActiveCfg = Release|Any CPU
		{48BD9E41-F4C2-4346-8F65-8C2B9972EDBC}.Release|Any CPU.Build.0 = Release|Any CPU
		{F173E80B-E36B-48AD-B483-A27F8CA86F3C}.Debug|Any CPU.ActiveCfg = Debug|Any CPU
		{F173E80B-E36B-48AD-B483-A27F8CA86F3C}.Debug|Any CPU.Build.0 = Debug|Any CPU
		{F173E80B-E36B-48AD-B483-A27F8CA86F3C}.Release|Any CPU.ActiveCfg = Release|Any CPU
		{F173E80B-E36B-48AD-B483-A27F8CA86F3C}.Release|Any CPU.Build.0 = Release|Any CPU
	EndGlobalSection
	GlobalSection(SolutionProperties) = preSolution
		HideSolutionNode = FALSE
	EndGlobalSection
EndGlobal
